// !$*UTF8*$!
{
	archiveVersion = 1;
	classes = {
	};
	objectVersion = 77;
	objects = {

/* Begin PBXBuildFile section */
		EDCC94F72F252CE500329670 /* HotKey in Frameworks */ = {isa = PBXBuildFile; productRef = EDCC94F62F252CE500329670 /* HotKey */; };
/* End PBXBuildFile section */

/* Begin PBXContainerItemProxy section */
		EDCC94D92F252C8500329670 /* PBXContainerItemProxy */ = {
			isa = PBXContainerItemProxy;
			containerPortal = EDCC94C22F252C8400329670 /* Project object */;
			proxyType = 1;
			remoteGlobalIDString = EDCC94C92F252C8400329670;
			remoteInfo = "Obsidian Tray";
		};
		EDCC94E32F252C8500329670 /* PBXContainerItemProxy */ = {
			isa = PBXContainerItemProxy;
			containerPortal = EDCC94C22F252C8400329670 /* Project object */;
			proxyType = 1;
			remoteGlobalIDString = EDCC94C92F252C8400329670;
			remoteInfo = "Obsidian Tray";
		};
/* End PBXContainerItemProxy section */

/* Begin PBXFileReference section */
		ED3C6A7B2F27D8A200F96070 /* Obsidian Tray.xctestplan */ = {isa = PBXFileReference; lastKnownFileType = text; path = "Obsidian Tray.xctestplan"; sourceTree = "<group>"; };
		EDCC94CA2F252C8400329670 /* Obsidian Tray.app */ = {isa = PBXFileReference; explicitFileType = wrapper.application; includeInIndex = 0; path = "Obsidian Tray.app"; sourceTree = BUILT_PRODUCTS_DIR; };
		EDCC94D82F252C8500329670 /* Obsidian TrayTests.xctest */ = {isa = PBXFileReference; explicitFileType = wrapper.cfbundle; includeInIndex = 0; path = "Obsidian TrayTests.xctest"; sourceTree = BUILT_PRODUCTS_DIR; };
		EDCC94E22F252C8500329670 /* Obsidian TrayUITests.xctest */ = {isa = PBXFileReference; explicitFileType = wrapper.cfbundle; includeInIndex = 0; path = "Obsidian TrayUITests.xctest"; sourceTree = BUILT_PRODUCTS_DIR; };
/* End PBXFileReference section */

/* Begin PBXFileSystemSynchronizedRootGroup section */
		EDCC94CC2F252C8400329670 /* Obsidian Tray */ = {
			isa = PBXFileSystemSynchronizedRootGroup;
			path = "Obsidian Tray";
			sourceTree = "<group>";
		};
		EDCC94DB2F252C8500329670 /* Obsidian TrayTests */ = {
			isa = PBXFileSystemSynchronizedRootGroup;
			path = "Obsidian TrayTests";
			sourceTree = "<group>";
		};
		EDCC94E52F252C8500329670 /* Obsidian TrayUITests */ = {
			isa = PBXFileSystemSynchronizedRootGroup;
			path = "Obsidian TrayUITests";
			sourceTree = "<group>";
		};
/* End PBXFileSystemSynchronizedRootGroup section */

/* Begin PBXFrameworksBuildPhase section */
		EDCC94C72F252C8400329670 /* Frameworks */ = {
			isa = PBXFrameworksBuildPhase;
			buildActionMask = 2147483647;
			files = (
				EDCC94F72F252CE500329670 /* HotKey in Frameworks */,
			);
			runOnlyForDeploymentPostprocessing = 0;
		};
		EDCC94D52F252C8500329670 /* Frameworks */ = {
			isa = PBXFrameworksBuildPhase;
			buildActionMask = 2147483647;
			files = (
			);
			runOnlyForDeploymentPostprocessing = 0;
		};
		EDCC94DF2F252C8500329670 /* Frameworks */ = {
			isa = PBXFrameworksBuildPhase;
			buildActionMask = 2147483647;
			files = (
			);
			runOnlyForDeploymentPostprocessing = 0;
		};
/* End PBXFrameworksBuildPhase section */

/* Begin PBXGroup section */
		EDCC94C12F252C8400329670 = {
			isa = PBXGroup;
			children = (
				ED3C6A7B2F27D8A200F96070 /* Obsidian Tray.xctestplan */,
				EDCC94CC2F252C8400329670 /* Obsidian Tray */,
				EDCC94DB2F252C8500329670 /* Obsidian TrayTests */,
				EDCC94E52F252C8500329670 /* Obsidian TrayUITests */,
				EDCC94CB2F252C8400329670 /* Products */,
			);
			sourceTree = "<group>";
		};
		EDCC94CB2F252C8400329670 /* Products */ = {
			isa = PBXGroup;
			children = (
				EDCC94CA2F252C8400329670 /* Obsidian Tray.app */,
				EDCC94D82F252C8500329670 /* Obsidian TrayTests.xctest */,
				EDCC94E22F252C8500329670 /* Obsidian TrayUITests.xctest */,
			);
			name = Products;
			sourceTree = "<group>";
		};
/* End PBXGroup section */

/* Begin PBXNativeTarget section */
		EDCC94C92F252C8400329670 /* Obsidian Tray */ = {
			isa = PBXNativeTarget;
			buildConfigurationList = EDCC94EC2F252C8500329670 /* Build configuration list for PBXNativeTarget "Obsidian Tray" */;
			buildPhases = (
				EDCC94C62F252C8400329670 /* Sources */,
				EDCC94C72F252C8400329670 /* Frameworks */,
				EDCC94C82F252C8400329670 /* Resources */,
			);
			buildRules = (
			);
			dependencies = (
			);
			fileSystemSynchronizedGroups = (
				EDCC94CC2F252C8400329670 /* Obsidian Tray */,
			);
			name = "Obsidian Tray";
			packageProductDependencies = (
				EDCC94F62F252CE500329670 /* HotKey */,
			);
			productName = "Obsidian Tray";
			productReference = EDCC94CA2F252C8400329670 /* Obsidian Tray.app */;
			productType = "com.apple.product-type.application";
		};
		EDCC94D72F252C8500329670 /* Obsidian TrayTests */ = {
			isa = PBXNativeTarget;
			buildConfigurationList = EDCC94EF2F252C8500329670 /* Build configuration list for PBXNativeTarget "Obsidian TrayTests" */;
			buildPhases = (
				EDCC94D42F252C8500329670 /* Sources */,
				EDCC94D52F252C8500329670 /* Frameworks */,
				EDCC94D62F252C8500329670 /* Resources */,
			);
			buildRules = (
			);
			dependencies = (
				EDCC94DA2F252C8500329670 /* PBXTargetDependency */,
			);
			fileSystemSynchronizedGroups = (
				EDCC94DB2F252C8500329670 /* Obsidian TrayTests */,
			);
			name = "Obsidian TrayTests";
			packageProductDependencies = (
			);
			productName = "Obsidian TrayTests";
			productReference = EDCC94D82F252C8500329670 /* Obsidian TrayTests.xctest */;
			productType = "com.apple.product-type.bundle.unit-test";
		};
		EDCC94E12F252C8500329670 /* Obsidian TrayUITests */ = {
			isa = PBXNativeTarget;
			buildConfigurationList = EDCC94F22F252C8500329670 /* Build configuration list for PBXNativeTarget "Obsidian TrayUITests" */;
			buildPhases = (
				EDCC94DE2F252C8500329670 /* Sources */,
				EDCC94DF2F252C8500329670 /* Frameworks */,
				EDCC94E02F252C8500329670 /* Resources */,
			);
			buildRules = (
			);
			dependencies = (
				EDCC94E42F252C8500329670 /* PBXTargetDependency */,
			);
			fileSystemSynchronizedGroups = (
				EDCC94E52F252C8500329670 /* Obsidian TrayUITests */,
			);
			name = "Obsidian TrayUITests";
			packageProductDependencies = (
			);
			productName = "Obsidian TrayUITests";
			productReference = EDCC94E22F252C8500329670 /* Obsidian TrayUITests.xctest */;
			productType = "com.apple.product-type.bundle.ui-testing";
		};
/* End PBXNativeTarget section */

/* Begin PBXProject section */
		EDCC94C22F252C8400329670 /* Project object */ = {
			isa = PBXProject;
			attributes = {
				BuildIndependentTargetsInParallel = 1;
				LastSwiftUpdateCheck = 1640;
				LastUpgradeCheck = 1640;
				TargetAttributes = {
					EDCC94C92F252C8400329670 = {
						CreatedOnToolsVersion = 16.4;
					};
					EDCC94D72F252C8500329670 = {
						CreatedOnToolsVersion = 16.4;
						TestTargetID = EDCC94C92F252C8400329670;
					};
					EDCC94E12F252C8500329670 = {
						CreatedOnToolsVersion = 16.4;
						TestTargetID = EDCC94C92F252C8400329670;
					};
				};
			};
			buildConfigurationList = EDCC94C52F252C8400329670 /* Build configuration list for PBXProject "Obsidian Tray" */;
			developmentRegion = en;
			hasScannedForEncodings = 0;
			knownRegions = (
				en,
				Base,
			);
			mainGroup = EDCC94C12F252C8400329670;
			minimizedProjectReferenceProxies = 1;
			packageReferences = (
				EDCC94F52F252CE500329670 /* XCRemoteSwiftPackageReference "HotKey" */,
			);
			preferredProjectObjectVersion = 77;
			productRefGroup = EDCC94CB2F252C8400329670 /* Products */;
			projectDirPath = "";
			projectRoot = "";
			targets = (
				EDCC94C92F252C8400329670 /* Obsidian Tray */,
				EDCC94D72F252C8500329670 /* Obsidian TrayTests */,
				EDCC94E12F252C8500329670 /* Obsidian TrayUITests */,
			);
		};
/* End PBXProject section */

/* Begin PBXResourcesBuildPhase section */
		EDCC94C82F252C8400329670 /* Resources */ = {
			isa = PBXResourcesBuildPhase;
			buildActionMask = 2147483647;
			files = (
			);
			runOnlyForDeploymentPostprocessing = 0;
		};
		EDCC94D62F252C8500329670 /* Resources */ = {
			isa = PBXResourcesBuildPhase;
			buildActionMask = 2147483647;
			files = (
			);
			runOnlyForDeploymentPostprocessing = 0;
		};
		EDCC94E02F252C8500329670 /* Resources */ = {
			isa = PBXResourcesBuildPhase;
			buildActionMask = 2147483647;
			files = (
			);
			runOnlyForDeploymentPostprocessing = 0;
		};
/* End PBXResourcesBuildPhase section */

/* Begin PBXSourcesBuildPhase section */
		EDCC94C62F252C8400329670 /* Sources */ = {
			isa = PBXSourcesBuildPhase;
			buildActionMask = 2147483647;
			files = (
			);
			runOnlyForDeploymentPostprocessing = 0;
		};
		EDCC94D42F252C8500329670 /* Sources */ = {
			isa = PBXSourcesBuildPhase;
			buildActionMask = 2147483647;
			files = (
			);
			runOnlyForDeploymentPostprocessing = 0;
		};
		EDCC94DE2F252C8500329670 /* Sources */ = {
			isa = PBXSourcesBuildPhase;
			buildActionMask = 2147483647;
			files = (
			);
			runOnlyForDeploymentPostprocessing = 0;
		};
/* End PBXSourcesBuildPhase section */

/* Begin PBXTargetDependency section */
		EDCC94DA2F252C8500329670 /* PBXTargetDependency */ = {
			isa = PBXTargetDependency;
			target = EDCC94C92F252C8400329670 /* Obsidian Tray */;
			targetProxy = EDCC94D92F252C8500329670 /* PBXContainerItemProxy */;
		};
		EDCC94E42F252C8500329670 /* PBXTargetDependency */ = {
			isa = PBXTargetDependency;
			target = EDCC94C92F252C8400329670 /* Obsidian Tray */;
			targetProxy = EDCC94E32F252C8500329670 /* PBXContainerItemProxy */;
		};
/* End PBXTargetDependency section */

/* Begin XCBuildConfiguration section */
		EDCC94EA2F252C8500329670 /* Debug */ = {
			isa = XCBuildConfiguration;
			buildSettings = {
				ALWAYS_SEARCH_USER_PATHS = NO;
				ASSETCATALOG_COMPILER_GENERATE_SWIFT_ASSET_SYMBOL_EXTENSIONS = YES;
				CLANG_ANALYZER_NONNULL = YES;
				CLANG_ANALYZER_NUMBER_OBJECT_CONVERSION = YES_AGGRESSIVE;
				CLANG_CXX_LANGUAGE_STANDARD = "gnu++20";
				CLANG_ENABLE_MODULES = YES;
				CLANG_ENABLE_OBJC_ARC = YES;
				CLANG_ENABLE_OBJC_WEAK = YES;
				CLANG_WARN_BLOCK_CAPTURE_AUTORELEASING = YES;
				CLANG_WARN_BOOL_CONVERSION = YES;
				CLANG_WARN_COMMA = YES;
				CLANG_WARN_CONSTANT_CONVERSION = YES;
				CLANG_WARN_DEPRECATED_OBJC_IMPLEMENTATIONS = YES;
				CLANG_WARN_DIRECT_OBJC_ISA_USAGE = YES_ERROR;
				CLANG_WARN_DOCUMENTATION_COMMENTS = YES;
				CLANG_WARN_EMPTY_BODY = YES;
				CLANG_WARN_ENUM_CONVERSION = YES;
				CLANG_WARN_INFINITE_RECURSION = YES;
				CLANG_WARN_INT_CONVERSION = YES;
				CLANG_WARN_NON_LITERAL_NULL_CONVERSION = YES;
				CLANG_WARN_OBJC_IMPLICIT_RETAIN_SELF = YES;
				CLANG_WARN_OBJC_LITERAL_CONVERSION = YES;
				CLANG_WARN_OBJC_ROOT_CLASS = YES_ERROR;
				CLANG_WARN_QUOTED_INCLUDE_IN_FRAMEWORK_HEADER = YES;
				CLANG_WARN_RANGE_LOOP_ANALYSIS = YES;
				CLANG_WARN_STRICT_PROTOTYPES = YES;
				CLANG_WARN_SUSPICIOUS_MOVE = YES;
				CLANG_WARN_UNGUARDED_AVAILABILITY = YES_AGGRESSIVE;
				CLANG_WARN_UNREACHABLE_CODE = YES;
				CLANG_WARN__DUPLICATE_METHOD_MATCH = YES;
				COPY_PHASE_STRIP = NO;
				DEBUG_INFORMATION_FORMAT = dwarf;
				DEVELOPMENT_TEAM = YUAT379AW6;
				ENABLE_STRICT_OBJC_MSGSEND = YES;
				ENABLE_TESTABILITY = YES;
				ENABLE_USER_SCRIPT_SANDBOXING = YES;
				GCC_C_LANGUAGE_STANDARD = gnu17;
				GCC_DYNAMIC_NO_PIC = NO;
				GCC_NO_COMMON_BLOCKS = YES;
				GCC_OPTIMIZATION_LEVEL = 0;
				GCC_PREPROCESSOR_DEFINITIONS = (
					"DEBUG=1",
					"$(inherited)",
				);
				GCC_WARN_64_TO_32_BIT_CONVERSION = YES;
				GCC_WARN_ABOUT_RETURN_TYPE = YES_ERROR;
				GCC_WARN_UNDECLARED_SELECTOR = YES;
				GCC_WARN_UNINITIALIZED_AUTOS = YES_AGGRESSIVE;
				GCC_WARN_UNUSED_FUNCTION = YES;
				GCC_WARN_UNUSED_VARIABLE = YES;
				LOCALIZATION_PREFERS_STRING_CATALOGS = YES;
				MACOSX_DEPLOYMENT_TARGET = 15.5;
				MTL_ENABLE_DEBUG_INFO = INCLUDE_SOURCE;
				MTL_FAST_MATH = YES;
				ONLY_ACTIVE_ARCH = YES;
				SDKROOT = macosx;
				SWIFT_ACTIVE_COMPILATION_CONDITIONS = "DEBUG $(inherited)";
				SWIFT_OPTIMIZATION_LEVEL = "-Onone";
			};
			name = Debug;
		};
		EDCC94EB2F252C8500329670 /* Release */ = {
			isa = XCBuildConfiguration;
			buildSettings = {
				ALWAYS_SEARCH_USER_PATHS = NO;
				ASSETCATALOG_COMPILER_GENERATE_SWIFT_ASSET_SYMBOL_EXTENSIONS = YES;
				CLANG_ANALYZER_NONNULL = YES;
				CLANG_ANALYZER_NUMBER_OBJECT_CONVERSION = YES_AGGRESSIVE;
				CLANG_CXX_LANGUAGE_STANDARD = "gnu++20";
				CLANG_ENABLE_MODULES = YES;
				CLANG_ENABLE_OBJC_ARC = YES;
				CLANG_ENABLE_OBJC_WEAK = YES;
				CLANG_WARN_BLOCK_CAPTURE_AUTORELEASING = YES;
				CLANG_WARN_BOOL_CONVERSION = YES;
				CLANG_WARN_COMMA = YES;
				CLANG_WARN_CONSTANT_CONVERSION = YES;
				CLANG_WARN_DEPRECATED_OBJC_IMPLEMENTATIONS = YES;
				CLANG_WARN_DIRECT_OBJC_ISA_USAGE = YES_ERROR;
				CLANG_WARN_DOCUMENTATION_COMMENTS = YES;
				CLANG_WARN_EMPTY_BODY = YES;
				CLANG_WARN_ENUM_CONVERSION = YES;
				CLANG_WARN_INFINITE_RECURSION = YES;
				CLANG_WARN_INT_CONVERSION = YES;
				CLANG_WARN_NON_LITERAL_NULL_CONVERSION = YES;
				CLANG_WARN_OBJC_IMPLICIT_RETAIN_SELF = YES;
				CLANG_WARN_OBJC_LITERAL_CONVERSION = YES;
				CLANG_WARN_OBJC_ROOT_CLASS = YES_ERROR;
				CLANG_WARN_QUOTED_INCLUDE_IN_FRAMEWORK_HEADER = YES;
				CLANG_WARN_RANGE_LOOP_ANALYSIS = YES;
				CLANG_WARN_STRICT_PROTOTYPES = YES;
				CLANG_WARN_SUSPICIOUS_MOVE = YES;
				CLANG_WARN_UNGUARDED_AVAILABILITY = YES_AGGRESSIVE;
				CLANG_WARN_UNREACHABLE_CODE = YES;
				CLANG_WARN__DUPLICATE_METHOD_MATCH = YES;
				COPY_PHASE_STRIP = NO;
				DEBUG_INFORMATION_FORMAT = "dwarf-with-dsym";
				DEVELOPMENT_TEAM = YUAT379AW6;
				ENABLE_NS_ASSERTIONS = NO;
				ENABLE_STRICT_OBJC_MSGSEND = YES;
				ENABLE_USER_SCRIPT_SANDBOXING = YES;
				GCC_C_LANGUAGE_STANDARD = gnu17;
				GCC_NO_COMMON_BLOCKS = YES;
				GCC_WARN_64_TO_32_BIT_CONVERSION = YES;
				GCC_WARN_ABOUT_RETURN_TYPE = YES_ERROR;
				GCC_WARN_UNDECLARED_SELECTOR = YES;
				GCC_WARN_UNINITIALIZED_AUTOS = YES_AGGRESSIVE;
				GCC_WARN_UNUSED_FUNCTION = YES;
				GCC_WARN_UNUSED_VARIABLE = YES;
				LOCALIZATION_PREFERS_STRING_CATALOGS = YES;
				MACOSX_DEPLOYMENT_TARGET = 15.5;
				MTL_ENABLE_DEBUG_INFO = NO;
				MTL_FAST_MATH = YES;
				SDKROOT = macosx;
				SWIFT_COMPILATION_MODE = wholemodule;
			};
			name = Release;
		};
		EDCC94ED2F252C8500329670 /* Debug */ = {
			isa = XCBuildConfiguration;
			buildSettings = {
				ASSETCATALOG_COMPILER_APPICON_NAME = AppIcon;
				ASSETCATALOG_COMPILER_GLOBAL_ACCENT_COLOR_NAME = AccentColor;
				ASSETCATALOG_COMPILER_INCLUDE_ALL_APPICON_ASSETS = NO;
				CODE_SIGN_ENTITLEMENTS = "Obsidian Tray/Obsidian_Tray.entitlements";
				CODE_SIGN_IDENTITY = "Apple Development";
				"CODE_SIGN_IDENTITY[sdk=macosx*]" = "Apple Development";
				CODE_SIGN_STYLE = Automatic;
				COMBINE_HIDPI_IMAGES = YES;
				CURRENT_PROJECT_VERSION = 1;
				DEVELOPMENT_TEAM = YUAT379AW6;
				ENABLE_HARDENED_RUNTIME = YES;
				ENABLE_PREVIEWS = YES;
				GENERATE_INFOPLIST_FILE = YES;
				INFOPLIST_KEY_NSHumanReadableCopyright = "";
				LD_RUNPATH_SEARCH_PATHS = (
					"$(inherited)",
					"@executable_path/../Frameworks",
				);
				MARKETING_VERSION = 0.1;
				PRODUCT_BUNDLE_IDENTIFIER = "dev.vigneshwerv.Obsidian-Tray";
				PRODUCT_NAME = "$(TARGET_NAME)";
				PROVISIONING_PROFILE_SPECIFIER = "";
				REGISTER_APP_GROUPS = YES;
				SWIFT_EMIT_LOC_STRINGS = YES;
				SWIFT_VERSION = 5.0;
			};
			name = Debug;
		};
		EDCC94EE2F252C8500329670 /* Release */ = {
			isa = XCBuildConfiguration;
			buildSettings = {
				ASSETCATALOG_COMPILER_APPICON_NAME = AppIcon;
				ASSETCATALOG_COMPILER_GLOBAL_ACCENT_COLOR_NAME = AccentColor;
				ASSETCATALOG_COMPILER_INCLUDE_ALL_APPICON_ASSETS = NO;
				CODE_SIGN_ENTITLEMENTS = "Obsidian Tray/Obsidian_Tray.entitlements";
				CODE_SIGN_IDENTITY = "Apple Development";
				"CODE_SIGN_IDENTITY[sdk=macosx*]" = "Apple Development";
				CODE_SIGN_STYLE = Automatic;
				COMBINE_HIDPI_IMAGES = YES;
				CURRENT_PROJECT_VERSION = 1;
				DEVELOPMENT_TEAM = YUAT379AW6;
				ENABLE_HARDENED_RUNTIME = YES;
				ENABLE_PREVIEWS = YES;
				GENERATE_INFOPLIST_FILE = YES;
				INFOPLIST_KEY_NSHumanReadableCopyright = "";
				LD_RUNPATH_SEARCH_PATHS = (
					"$(inherited)",
					"@executable_path/../Frameworks",
				);
				MARKETING_VERSION = 0.1;
				PRODUCT_BUNDLE_IDENTIFIER = "dev.vigneshwerv.Obsidian-Tray";
				PRODUCT_NAME = "$(TARGET_NAME)";
				PROVISIONING_PROFILE_SPECIFIER = "";
				REGISTER_APP_GROUPS = YES;
				SWIFT_EMIT_LOC_STRINGS = YES;
				SWIFT_VERSION = 5.0;
			};
			name = Release;
		};
		EDCC94F02F252C8500329670 /* Debug */ = {
			isa = XCBuildConfiguration;
			buildSettings = {
				BUNDLE_LOADER = "$(TEST_HOST)";
				CODE_SIGN_STYLE = Automatic;
				CURRENT_PROJECT_VERSION = 1;
				DEVELOPMENT_TEAM = YUAT379AW6;
				GENERATE_INFOPLIST_FILE = YES;
				MACOSX_DEPLOYMENT_TARGET = 15.5;
				MARKETING_VERSION = 1.0;
				PRODUCT_BUNDLE_IDENTIFIER = "dev.vigneshwerv.Obsidian-TrayTests";
				PRODUCT_NAME = "$(TARGET_NAME)";
				SWIFT_EMIT_LOC_STRINGS = NO;
				SWIFT_VERSION = 5.0;
				TEST_HOST = "$(BUILT_PRODUCTS_DIR)/Obsidian Tray.app/$(BUNDLE_EXECUTABLE_FOLDER_PATH)/Obsidian Tray";
			};
			name = Debug;
		};
		EDCC94F12F252C8500329670 /* Release */ = {
			isa = XCBuildConfiguration;
			buildSettings = {
				BUNDLE_LOADER = "$(TEST_HOST)";
				CODE_SIGN_STYLE = Automatic;
				CURRENT_PROJECT_VERSION = 1;
				DEVELOPMENT_TEAM = YUAT379AW6;
				GENERATE_INFOPLIST_FILE = YES;
				MACOSX_DEPLOYMENT_TARGET = 15.5;
				MARKETING_VERSION = 1.0;
				PRODUCT_BUNDLE_IDENTIFIER = "dev.vigneshwerv.Obsidian-TrayTests";
				PRODUCT_NAME = "$(TARGET_NAME)";
				SWIFT_EMIT_LOC_STRINGS = NO;
				SWIFT_VERSION = 5.0;
				TEST_HOST = "$(BUILT_PRODUCTS_DIR)/Obsidian Tray.app/$(BUNDLE_EXECUTABLE_FOLDER_PATH)/Obsidian Tray";
			};
			name = Release;
		};
		EDCC94F32F252C8500329670 /* Debug */ = {
			isa = XCBuildConfiguration;
			buildSettings = {
				CODE_SIGN_STYLE = Automatic;
				CURRENT_PROJECT_VERSION = 1;
				DEVELOPMENT_TEAM = YUAT379AW6;
				GENERATE_INFOPLIST_FILE = YES;
				MARKETING_VERSION = 1.0;
				PRODUCT_BUNDLE_IDENTIFIER = "dev.vigneshwerv.Obsidian-TrayUITests";
				PRODUCT_NAME = "$(TARGET_NAME)";
				SWIFT_EMIT_LOC_STRINGS = NO;
				SWIFT_VERSION = 5.0;
				TEST_TARGET_NAME = "Obsidian Tray";
			};
			name = Debug;
		};
		EDCC94F42F252C8500329670 /* Release */ = {
			isa = XCBuildConfiguration;
			buildSettings = {
				CODE_SIGN_STYLE = Automatic;
				CURRENT_PROJECT_VERSION = 1;
				DEVELOPMENT_TEAM = YUAT379AW6;
				GENERATE_INFOPLIST_FILE = YES;
				MARKETING_VERSION = 1.0;
				PRODUCT_BUNDLE_IDENTIFIER = "dev.vigneshwerv.Obsidian-TrayUITests";
				PRODUCT_NAME = "$(TARGET_NAME)";
				SWIFT_EMIT_LOC_STRINGS = NO;
				SWIFT_VERSION = 5.0;
				TEST_TARGET_NAME = "Obsidian Tray";
			};
			name = Release;
		};
/* End XCBuildConfiguration section */

/* Begin XCConfigurationList section */
		EDCC94C52F252C8400329670 /* Build configuration list for PBXProject "Obsidian Tray" */ = {
			isa = XCConfigurationList;
			buildConfigurations = (
				EDCC94EA2F252C8500329670 /* Debug */,
				EDCC94EB2F252C8500329670 /* Release */,
			);
			defaultConfigurationIsVisible = 0;
			defaultConfigurationName = Release;
		};
		EDCC94EC2F252C8500329670 /* Build configuration list for PBXNativeTarget "Obsidian Tray" */ = {
			isa = XCConfigurationList;
			buildConfigurations = (
				EDCC94ED2F252C8500329670 /* Debug */,
				EDCC94EE2F252C8500329670 /* Release */,
			);
			defaultConfigurationIsVisible = 0;
			defaultConfigurationName = Release;
		};
		EDCC94EF2F252C8500329670 /* Build configuration list for PBXNativeTarget "Obsidian TrayTests" */ = {
			isa = XCConfigurationList;
			buildConfigurations = (
				EDCC94F02F252C8500329670 /* Debug */,
				EDCC94F12F252C8500329670 /* Release */,
			);
			defaultConfigurationIsVisible = 0;
			defaultConfigurationName = Release;
		};
		EDCC94F22F252C8500329670 /* Build configuration list for PBXNativeTarget "Obsidian TrayUITests" */ = {
			isa = XCConfigurationList;
			buildConfigurations = (
				EDCC94F32F252C8500329670 /* Debug */,
				EDCC94F42F252C8500329670 /* Release */,
			);
			defaultConfigurationIsVisible = 0;
			defaultConfigurationName = Release;
		};
/* End XCConfigurationList section */

/* Begin XCRemoteSwiftPackageReference section */
		EDCC94F52F252CE500329670 /* XCRemoteSwiftPackageReference "HotKey" */ = {
			isa = XCRemoteSwiftPackageReference;
			repositoryURL = "https://github.com/soffes/HotKey";
			requirement = {
				branch = main;
				kind = branch;
			};
		};
/* End XCRemoteSwiftPackageReference section */

/* Begin XCSwiftPackageProductDependency section */
		EDCC94F62F252CE500329670 /* HotKey */ = {
			isa = XCSwiftPackageProductDependency;
			package = EDCC94F52F252CE500329670 /* XCRemoteSwiftPackageReference "HotKey" */;
			productName = HotKey;
		};
/* End XCSwiftPackageProductDependency section */
	};
	rootObject = EDCC94C22F252C8400329670 /* Project object */;
}
